{
  "name": "electron-md-app",
  "version": "1.0.0",
  "lockfileVersion": 1,
  "requires": true,
  "dependencies": {
    "highlight.js": {
      "version": "9.14.2",
      "resolved": "https://registry.npmjs.org/highlight.js/-/highlight.js-9.14.2.tgz",
      "integrity": "sha512-Nc6YNECYpxyJABGYJAyw7dBAYbXEuIzwzkqoJnwbc1nIpCiN+3ioYf0XrBnLiyyG0JLuJhpPtt2iTSbXiKLoyA=="
    },
    "marked": {
      "version": "0.5.2",
      "resolved": "https://registry.npmjs.org/marked/-/marked-0.5.2.tgz",
      "integrity": "sha512-fdZvBa7/vSQIZCi4uuwo2N3q+7jJURpMVCcbaX0S1Mg65WZ5ilXvC67MviJAsdjqqgD+CEq4RKo5AYGgINkVAA=="
    }
  }
}
